
Microsoft Visual Studio Solution File, Format Version 11.00
# Visual Studio 2010
Project("{FAE04EC0-301F-11D3-BF4B-00C04F79EFBC}") = "cs345_group2_project", "Assembly-CSharp.csproj", "{A280962F-2E39-3C55-F4BE-4F98D975DAEE}"
EndProject
Global
	GlobalSection(SolutionConfigurationPlatforms) = preSolution
		Debug|Any CPU = Debug|Any CPU
		Release|Any CPU = Release|Any CPU
	EndGlobalSection
	GlobalSection(ProjectConfigurationPlatforms) = postSolution
		{A280962F-2E39-3C55-F4BE-4F98D975DAEE}.Debug|Any CPU.ActiveCfg = Debug|Any CPU
		{A280962F-2E39-3C55-F4BE-4F98D975DAEE}.Debug|Any CPU.Build.0 = Debug|Any CPU
		{A280962F-2E39-3C55-F4BE-4F98D975DAEE}.Release|Any CPU.ActiveCfg = Release|Any CPU
		{A280962F-2E39-3C55-F4BE-4F98D975DAEE}.Release|Any CPU.Build.0 = Release|Any CPU
	EndGlobalSection
	GlobalSection(SolutionProperties) = preSolution
		HideSolutionNode = FALSE
	EndGlobalSection
	GlobalSection(MonoDevelopProperties) = preSolution
		StartupItem = Assembly-CSharp.csproj
	EndGlobalSection
EndGlobal
